// !$*UTF8*$!
{
	archiveVersion = 1;
	classes = {
	};
	objectVersion = 46;
	objects = {

/* Begin PBXBuildFile section */
		0A892A825B15BF31C88A78EA /* libPods.a in Frameworks */ = {isa = PBXBuildFile; fileRef = 9B7EAD0BE7C808C59C86310B /* libPods.a */; };
		DEC469A41ACC78FA002F7594 /* main.m in Sources */ = {isa = PBXBuildFile; fileRef = DEC469A31ACC78FA002F7594 /* main.m */; };
		DEC469A71ACC78FA002F7594 /* AppDelegate.m in Sources */ = {isa = PBXBuildFile; fileRef = DEC469A61ACC78FA002F7594 /* AppDelegate.m */; };
		DEC469AA1ACC78FA002F7594 /* ViewController.m in Sources */ = {isa = PBXBuildFile; fileRef = DEC469A91ACC78FA002F7594 /* ViewController.m */; };
		DEC469AF1ACC78FA002F7594 /* Images.xcassets in Resources */ = {isa = PBXBuildFile; fileRef = DEC469AE1ACC78FA002F7594 /* Images.xcassets */; };
		DEC469B21ACC78FA002F7594 /* LaunchScreen.xib in Resources */ = {isa = PBXBuildFile; fileRef = DEC469B01ACC78FA002F7594 /* LaunchScreen.xib */; };
		DEC469BE1ACC78FA002F7594 /* InstaRep_ClientTests.m in Sources */ = {isa = PBXBuildFile; fileRef = DEC469BD1ACC78FA002F7594 /* InstaRep_ClientTests.m */; };
		DEDFF2B31ACDF8450091A7B5 /* IRNetworkManager.m in Sources */ = {isa = PBXBuildFile; fileRef = DEDFF2B21ACDF8450091A7B5 /* IRNetworkManager.m */; };
		DEDFF2B71ACE006E0091A7B5 /* InstagramUser.m in Sources */ = {isa = PBXBuildFile; fileRef = DEDFF2B61ACE006E0091A7B5 /* InstagramUser.m */; };
		DEDFF2BA1ACE10720091A7B5 /* Util.m in Sources */ = {isa = PBXBuildFile; fileRef = DEDFF2B91ACE10720091A7B5 /* Util.m */; };
		DEE7AF341ACEFB3D00C00C84 /* AuthenticateViewController.m in Sources */ = {isa = PBXBuildFile; fileRef = DEE7AF331ACEFB3D00C00C84 /* AuthenticateViewController.m */; };
		DEE7AF381ACF096B00C00C84 /* DataManager.m in Sources */ = {isa = PBXBuildFile; fileRef = DEE7AF371ACF096B00C00C84 /* DataManager.m */; };
		DEE7AF3B1ACF3ADD00C00C84 /* UserPreferencesViewController.m in Sources */ = {isa = PBXBuildFile; fileRef = DEE7AF3A1ACF3ADD00C00C84 /* UserPreferencesViewController.m */; };
		DEE7AF431AD0577D00C00C84 /* UserPreferences.m in Sources */ = {isa = PBXBuildFile; fileRef = DEE7AF421AD0577D00C00C84 /* UserPreferences.m */; };
		DEE7AF461AD0619D00C00C84 /* UserStatisticsViewController.m in Sources */ = {isa = PBXBuildFile; fileRef = DEE7AF451AD0619D00C00C84 /* UserStatisticsViewController.m */; };
		DEE7AF491AD0682400C00C84 /* Main.storyboard in Resources */ = {isa = PBXBuildFile; fileRef = DEE7AF471AD0682400C00C84 /* Main.storyboard */; };
/* End PBXBuildFile section */

/* Begin PBXContainerItemProxy section */
		DEC469B81ACC78FA002F7594 /* PBXContainerItemProxy */ = {
			isa = PBXContainerItemProxy;
			containerPortal = DEC469961ACC78FA002F7594 /* Project object */;
			proxyType = 1;
			remoteGlobalIDString = DEC4699D1ACC78FA002F7594;
			remoteInfo = "InstaRep-Client";
		};
/* End PBXContainerItemProxy section */

/* Begin PBXFileReference section */
		6E40767F335D5523BBF36630 /* Pods.debug.xcconfig */ = {isa = PBXFileReference; includeInIndex = 1; lastKnownFileType = text.xcconfig; name = Pods.debug.xcconfig; path = "Pods/Target Support Files/Pods/Pods.debug.xcconfig"; sourceTree = "<group>"; };
		9B7EAD0BE7C808C59C86310B /* libPods.a */ = {isa = PBXFileReference; explicitFileType = archive.ar; includeInIndex = 0; path = libPods.a; sourceTree = BUILT_PRODUCTS_DIR; };
		C4381C4E2269CC0CBC5EF958 /* Pods.release.xcconfig */ = {isa = PBXFileReference; includeInIndex = 1; lastKnownFileType = text.xcconfig; name = Pods.release.xcconfig; path = "Pods/Target Support Files/Pods/Pods.release.xcconfig"; sourceTree = "<group>"; };
		DEC4699E1ACC78FA002F7594 /* InstaRep-Client.app */ = {isa = PBXFileReference; explicitFileType = wrapper.application; includeInIndex = 0; path = "InstaRep-Client.app"; sourceTree = BUILT_PRODUCTS_DIR; };
		DEC469A21ACC78FA002F7594 /* Info.plist */ = {isa = PBXFileReference; lastKnownFileType = text.plist.xml; path = Info.plist; sourceTree = "<group>"; };
		DEC469A31ACC78FA002F7594 /* main.m */ = {isa = PBXFileReference; lastKnownFileType = sourcecode.c.objc; path = main.m; sourceTree = "<group>"; };
		DEC469A51ACC78FA002F7594 /* AppDelegate.h */ = {isa = PBXFileReference; lastKnownFileType = sourcecode.c.h; path = AppDelegate.h; sourceTree = "<group>"; };
		DEC469A61ACC78FA002F7594 /* AppDelegate.m */ = {isa = PBXFileReference; lastKnownFileType = sourcecode.c.objc; path = AppDelegate.m; sourceTree = "<group>"; };
		DEC469A81ACC78FA002F7594 /* ViewController.h */ = {isa = PBXFileReference; lastKnownFileType = sourcecode.c.h; path = ViewController.h; sourceTree = "<group>"; };
		DEC469A91ACC78FA002F7594 /* ViewController.m */ = {isa = PBXFileReference; lastKnownFileType = sourcecode.c.objc; path = ViewController.m; sourceTree = "<group>"; };
		DEC469AE1ACC78FA002F7594 /* Images.xcassets */ = {isa = PBXFileReference; lastKnownFileType = folder.assetcatalog; path = Images.xcassets; sourceTree = "<group>"; };
		DEC469B11ACC78FA002F7594 /* Base */ = {isa = PBXFileReference; lastKnownFileType = file.xib; name = Base; path = Base.lproj/LaunchScreen.xib; sourceTree = "<group>"; };
		DEC469B71ACC78FA002F7594 /* InstaRep-ClientTests.xctest */ = {isa = PBXFileReference; explicitFileType = wrapper.cfbundle; includeInIndex = 0; path = "InstaRep-ClientTests.xctest"; sourceTree = BUILT_PRODUCTS_DIR; };
		DEC469BC1ACC78FA002F7594 /* Info.plist */ = {isa = PBXFileReference; lastKnownFileType = text.plist.xml; path = Info.plist; sourceTree = "<group>"; };
		DEC469BD1ACC78FA002F7594 /* InstaRep_ClientTests.m */ = {isa = PBXFileReference; lastKnownFileType = sourcecode.c.objc; path = InstaRep_ClientTests.m; sourceTree = "<group>"; };
		DEDFF2B11ACDF8450091A7B5 /* IRNetworkManager.h */ = {isa = PBXFileReference; fileEncoding = 4; lastKnownFileType = sourcecode.c.h; path = IRNetworkManager.h; sourceTree = "<group>"; };
		DEDFF2B21ACDF8450091A7B5 /* IRNetworkManager.m */ = {isa = PBXFileReference; fileEncoding = 4; lastKnownFileType = sourcecode.c.objc; path = IRNetworkManager.m; sourceTree = "<group>"; };
		DEDFF2B51ACE006E0091A7B5 /* InstagramUser.h */ = {isa = PBXFileReference; fileEncoding = 4; lastKnownFileType = sourcecode.c.h; path = InstagramUser.h; sourceTree = "<group>"; };
		DEDFF2B61ACE006E0091A7B5 /* InstagramUser.m */ = {isa = PBXFileReference; fileEncoding = 4; lastKnownFileType = sourcecode.c.objc; path = InstagramUser.m; sourceTree = "<group>"; };
		DEDFF2B81ACE10720091A7B5 /* Util.h */ = {isa = PBXFileReference; fileEncoding = 4; lastKnownFileType = sourcecode.c.h; path = Util.h; sourceTree = "<group>"; };
		DEDFF2B91ACE10720091A7B5 /* Util.m */ = {isa = PBXFileReference; fileEncoding = 4; lastKnownFileType = sourcecode.c.objc; path = Util.m; sourceTree = "<group>"; };
		DEE7AF321ACEFB3D00C00C84 /* AuthenticateViewController.h */ = {isa = PBXFileReference; fileEncoding = 4; lastKnownFileType = sourcecode.c.h; path = AuthenticateViewController.h; sourceTree = "<group>"; };
		DEE7AF331ACEFB3D00C00C84 /* AuthenticateViewController.m */ = {isa = PBXFileReference; fileEncoding = 4; lastKnownFileType = sourcecode.c.objc; path = AuthenticateViewController.m; sourceTree = "<group>"; };
		DEE7AF351ACF005F00C00C84 /* Defines.h */ = {isa = PBXFileReference; lastKnownFileType = sourcecode.c.h; path = Defines.h; sourceTree = "<group>"; };
		DEE7AF361ACF096B00C00C84 /* DataManager.h */ = {isa = PBXFileReference; fileEncoding = 4; lastKnownFileType = sourcecode.c.h; path = DataManager.h; sourceTree = "<group>"; };
		DEE7AF371ACF096B00C00C84 /* DataManager.m */ = {isa = PBXFileReference; fileEncoding = 4; lastKnownFileType = sourcecode.c.objc; path = DataManager.m; sourceTree = "<group>"; };
		DEE7AF391ACF3ADD00C00C84 /* UserPreferencesViewController.h */ = {isa = PBXFileReference; fileEncoding = 4; lastKnownFileType = sourcecode.c.h; path = UserPreferencesViewController.h; sourceTree = "<group>"; };
		DEE7AF3A1ACF3ADD00C00C84 /* UserPreferencesViewController.m */ = {isa = PBXFileReference; fileEncoding = 4; lastKnownFileType = sourcecode.c.objc; path = UserPreferencesViewController.m; sourceTree = "<group>"; };
		DEE7AF411AD0577D00C00C84 /* UserPreferences.h */ = {isa = PBXFileReference; fileEncoding = 4; lastKnownFileType = sourcecode.c.h; path = UserPreferences.h; sourceTree = "<group>"; };
		DEE7AF421AD0577D00C00C84 /* UserPreferences.m */ = {isa = PBXFileReference; fileEncoding = 4; lastKnownFileType = sourcecode.c.objc; path = UserPreferences.m; sourceTree = "<group>"; };
		DEE7AF441AD0619D00C00C84 /* UserStatisticsViewController.h */ = {isa = PBXFileReference; fileEncoding = 4; lastKnownFileType = sourcecode.c.h; path = UserStatisticsViewController.h; sourceTree = "<group>"; };
		DEE7AF451AD0619D00C00C84 /* UserStatisticsViewController.m */ = {isa = PBXFileReference; fileEncoding = 4; lastKnownFileType = sourcecode.c.objc; path = UserStatisticsViewController.m; sourceTree = "<group>"; };
		DEE7AF481AD0682400C00C84 /* Base */ = {isa = PBXFileReference; lastKnownFileType = file.storyboard; name = Base; path = Base.lproj/Main.storyboard; sourceTree = "<group>"; };
/* End PBXFileReference section */

/* Begin PBXFrameworksBuildPhase section */
		DEC4699B1ACC78FA002F7594 /* Frameworks */ = {
			isa = PBXFrameworksBuildPhase;
			buildActionMask = 2147483647;
			files = (
				0A892A825B15BF31C88A78EA /* libPods.a in Frameworks */,
			);
			runOnlyForDeploymentPostprocessing = 0;
		};
		DEC469B41ACC78FA002F7594 /* Frameworks */ = {
			isa = PBXFrameworksBuildPhase;
			buildActionMask = 2147483647;
			files = (
			);
			runOnlyForDeploymentPostprocessing = 0;
		};
/* End PBXFrameworksBuildPhase section */

/* Begin PBXGroup section */
		B6C48B4AE1BADD6E8CF8EFDB /* Pods */ = {
			isa = PBXGroup;
			children = (
				6E40767F335D5523BBF36630 /* Pods.debug.xcconfig */,
				C4381C4E2269CC0CBC5EF958 /* Pods.release.xcconfig */,
			);
			name = Pods;
			sourceTree = "<group>";
		};
		B7EEF0776D4ED332B396E260 /* Frameworks */ = {
			isa = PBXGroup;
			children = (
				9B7EAD0BE7C808C59C86310B /* libPods.a */,
			);
			name = Frameworks;
			sourceTree = "<group>";
		};
		DEC469951ACC78FA002F7594 = {
			isa = PBXGroup;
			children = (
				DEC469A01ACC78FA002F7594 /* InstaRep-Client */,
				DEC469BA1ACC78FA002F7594 /* InstaRep-ClientTests */,
				DEC4699F1ACC78FA002F7594 /* Products */,
				B6C48B4AE1BADD6E8CF8EFDB /* Pods */,
				B7EEF0776D4ED332B396E260 /* Frameworks */,
			);
			sourceTree = "<group>";
		};
		DEC4699F1ACC78FA002F7594 /* Products */ = {
			isa = PBXGroup;
			children = (
				DEC4699E1ACC78FA002F7594 /* InstaRep-Client.app */,
				DEC469B71ACC78FA002F7594 /* InstaRep-ClientTests.xctest */,
			);
			name = Products;
			sourceTree = "<group>";
		};
		DEC469A01ACC78FA002F7594 /* InstaRep-Client */ = {
			isa = PBXGroup;
			children = (
				DEE7AF471AD0682400C00C84 /* Main.storyboard */,
				DEE7AF401ACF44A500C00C84 /* Util */,
				DEE7AF3F1ACF447F00C00C84 /* DataManager */,
				DEE7AF3E1ACF446800C00C84 /* AppDelegates */,
				DEE7AF3C1ACF442F00C00C84 /* ViewControllers */,
				DEDFF2B41ACDF8570091A7B5 /* Networking */,
				DEC469AE1ACC78FA002F7594 /* Images.xcassets */,
				DEC469B01ACC78FA002F7594 /* LaunchScreen.xib */,
				DEC469A11ACC78FA002F7594 /* Supporting Files */,
			);
			path = "InstaRep-Client";
			sourceTree = "<group>";
		};
		DEC469A11ACC78FA002F7594 /* Supporting Files */ = {
			isa = PBXGroup;
			children = (
				DEC469A21ACC78FA002F7594 /* Info.plist */,
				DEC469A31ACC78FA002F7594 /* main.m */,
			);
			name = "Supporting Files";
			sourceTree = "<group>";
		};
		DEC469BA1ACC78FA002F7594 /* InstaRep-ClientTests */ = {
			isa = PBXGroup;
			children = (
				DEC469BD1ACC78FA002F7594 /* InstaRep_ClientTests.m */,
				DEC469BB1ACC78FA002F7594 /* Supporting Files */,
			);
			path = "InstaRep-ClientTests";
			sourceTree = "<group>";
		};
		DEC469BB1ACC78FA002F7594 /* Supporting Files */ = {
			isa = PBXGroup;
			children = (
				DEC469BC1ACC78FA002F7594 /* Info.plist */,
			);
			name = "Supporting Files";
			sourceTree = "<group>";
		};
		DEDFF2B41ACDF8570091A7B5 /* Networking */ = {
			isa = PBXGroup;
			children = (
				DEDFF2B11ACDF8450091A7B5 /* IRNetworkManager.h */,
				DEDFF2B21ACDF8450091A7B5 /* IRNetworkManager.m */,
			);
			name = Networking;
			sourceTree = "<group>";
		};
		DEE7AF3C1ACF442F00C00C84 /* ViewControllers */ = {
			isa = PBXGroup;
			children = (
				DEC469A81ACC78FA002F7594 /* ViewController.h */,
				DEC469A91ACC78FA002F7594 /* ViewController.m */,
				DEE7AF391ACF3ADD00C00C84 /* UserPreferencesViewController.h */,
				DEE7AF3A1ACF3ADD00C00C84 /* UserPreferencesViewController.m */,
				DEE7AF321ACEFB3D00C00C84 /* AuthenticateViewController.h */,
				DEE7AF331ACEFB3D00C00C84 /* AuthenticateViewController.m */,
				DEE7AF441AD0619D00C00C84 /* UserStatisticsViewController.h */,
				DEE7AF451AD0619D00C00C84 /* UserStatisticsViewController.m */,
			);
			name = ViewControllers;
			sourceTree = "<group>";
		};
		DEE7AF3D1ACF444900C00C84 /* Model */ = {
			isa = PBXGroup;
			children = (
				DEDFF2B51ACE006E0091A7B5 /* InstagramUser.h */,
				DEDFF2B61ACE006E0091A7B5 /* InstagramUser.m */,
				DEE7AF411AD0577D00C00C84 /* UserPreferences.h */,
				DEE7AF421AD0577D00C00C84 /* UserPreferences.m */,
			);
			name = Model;
			sourceTree = "<group>";
		};
		DEE7AF3E1ACF446800C00C84 /* AppDelegates */ = {
			isa = PBXGroup;
			children = (
				DEE7AF351ACF005F00C00C84 /* Defines.h */,
				DEC469A51ACC78FA002F7594 /* AppDelegate.h */,
				DEC469A61ACC78FA002F7594 /* AppDelegate.m */,
			);
			name = AppDelegates;
			sourceTree = "<group>";
		};
		DEE7AF3F1ACF447F00C00C84 /* DataManager */ = {
			isa = PBXGroup;
			children = (
				DEE7AF3D1ACF444900C00C84 /* Model */,
				DEE7AF361ACF096B00C00C84 /* DataManager.h */,
				DEE7AF371ACF096B00C00C84 /* DataManager.m */,
			);
			name = DataManager;
			sourceTree = "<group>";
		};
		DEE7AF401ACF44A500C00C84 /* Util */ = {
			isa = PBXGroup;
			children = (
				DEDFF2B81ACE10720091A7B5 /* Util.h */,
				DEDFF2B91ACE10720091A7B5 /* Util.m */,
			);
			name = Util;
			sourceTree = "<group>";
		};
/* End PBXGroup section */

/* Begin PBXNativeTarget section */
		DEC4699D1ACC78FA002F7594 /* InstaRep-Client */ = {
			isa = PBXNativeTarget;
			buildConfigurationList = DEC469C11ACC78FA002F7594 /* Build configuration list for PBXNativeTarget "InstaRep-Client" */;
			buildPhases = (
				D45C4490926BC7572166A145 /* Check Pods Manifest.lock */,
				DEC4699A1ACC78FA002F7594 /* Sources */,
				DEC4699B1ACC78FA002F7594 /* Frameworks */,
				DEC4699C1ACC78FA002F7594 /* Resources */,
				2178F905737789E3CB3F0996 /* Copy Pods Resources */,
			);
			buildRules = (
			);
			dependencies = (
			);
			name = "InstaRep-Client";
			productName = "InstaRep-Client";
			productReference = DEC4699E1ACC78FA002F7594 /* InstaRep-Client.app */;
			productType = "com.apple.product-type.application";
		};
		DEC469B61ACC78FA002F7594 /* InstaRep-ClientTests */ = {
			isa = PBXNativeTarget;
			buildConfigurationList = DEC469C41ACC78FA002F7594 /* Build configuration list for PBXNativeTarget "InstaRep-ClientTests" */;
			buildPhases = (
				DEC469B31ACC78FA002F7594 /* Sources */,
				DEC469B41ACC78FA002F7594 /* Frameworks */,
				DEC469B51ACC78FA002F7594 /* Resources */,
			);
			buildRules = (
			);
			dependencies = (
				DEC469B91ACC78FA002F7594 /* PBXTargetDependency */,
			);
			name = "InstaRep-ClientTests";
			productName = "InstaRep-ClientTests";
			productReference = DEC469B71ACC78FA002F7594 /* InstaRep-ClientTests.xctest */;
			productType = "com.apple.product-type.bundle.unit-test";
		};
/* End PBXNativeTarget section */

/* Begin PBXProject section */
		DEC469961ACC78FA002F7594 /* Project object */ = {
			isa = PBXProject;
			attributes = {
				LastUpgradeCheck = 0620;
				ORGANIZATIONNAME = "Richard Ison";
				TargetAttributes = {
					DEC4699D1ACC78FA002F7594 = {
						CreatedOnToolsVersion = 6.2;
					};
					DEC469B61ACC78FA002F7594 = {
						CreatedOnToolsVersion = 6.2;
						TestTargetID = DEC4699D1ACC78FA002F7594;
					};
				};
			};
			buildConfigurationList = DEC469991ACC78FA002F7594 /* Build configuration list for PBXProject "InstaRep-Client" */;
			compatibilityVersion = "Xcode 3.2";
			developmentRegion = English;
			hasScannedForEncodings = 0;
			knownRegions = (
				en,
				Base,
			);
			mainGroup = DEC469951ACC78FA002F7594;
			productRefGroup = DEC4699F1ACC78FA002F7594 /* Products */;
			projectDirPath = "";
			projectRoot = "";
			targets = (
				DEC4699D1ACC78FA002F7594 /* InstaRep-Client */,
				DEC469B61ACC78FA002F7594 /* InstaRep-ClientTests */,
			);
		};
/* End PBXProject section */

/* Begin PBXResourcesBuildPhase section */
		DEC4699C1ACC78FA002F7594 /* Resources */ = {
			isa = PBXResourcesBuildPhase;
			buildActionMask = 2147483647;
			files = (
				DEE7AF491AD0682400C00C84 /* Main.storyboard in Resources */,
				DEC469B21ACC78FA002F7594 /* LaunchScreen.xib in Resources */,
				DEC469AF1ACC78FA002F7594 /* Images.xcassets in Resources */,
			);
			runOnlyForDeploymentPostprocessing = 0;
		};
		DEC469B51ACC78FA002F7594 /* Resources */ = {
			isa = PBXResourcesBuildPhase;
			buildActionMask = 2147483647;
			files = (
			);
			runOnlyForDeploymentPostprocessing = 0;
		};
/* End PBXResourcesBuildPhase section */

/* Begin PBXShellScriptBuildPhase section */
		2178F905737789E3CB3F0996 /* Copy Pods Resources */ = {
			isa = PBXShellScriptBuildPhase;
			buildActionMask = 2147483647;
			files = (
			);
			inputPaths = (
			);
			name = "Copy Pods Resources";
			outputPaths = (
			);
			runOnlyForDeploymentPostprocessing = 0;
			shellPath = /bin/sh;
			shellScript = "\"${SRCROOT}/Pods/Target Support Files/Pods/Pods-resources.sh\"\n";
			showEnvVarsInLog = 0;
		};
		D45C4490926BC7572166A145 /* Check Pods Manifest.lock */ = {
			isa = PBXShellScriptBuildPhase;
			buildActionMask = 2147483647;
			files = (
			);
			inputPaths = (
			);
			name = "Check Pods Manifest.lock";
			outputPaths = (
			);
			runOnlyForDeploymentPostprocessing = 0;
			shellPath = /bin/sh;
			shellScript = "diff \"${PODS_ROOT}/../Podfile.lock\" \"${PODS_ROOT}/Manifest.lock\" > /dev/null\nif [[ $? != 0 ]] ; then\n    cat << EOM\nerror: The sandbox is not in sync with the Podfile.lock. Run 'pod install' or update your CocoaPods installation.\nEOM\n    exit 1\nfi\n";
			showEnvVarsInLog = 0;
		};
/* End PBXShellScriptBuildPhase section */

/* Begin PBXSourcesBuildPhase section */
		DEC4699A1ACC78FA002F7594 /* Sources */ = {
			isa = PBXSourcesBuildPhase;
			buildActionMask = 2147483647;
			files = (
				DEE7AF341ACEFB3D00C00C84 /* AuthenticateViewController.m in Sources */,
				DEDFF2B71ACE006E0091A7B5 /* InstagramUser.m in Sources */,
				DEC469AA1ACC78FA002F7594 /* ViewController.m in Sources */,
				DEE7AF431AD0577D00C00C84 /* UserPreferences.m in Sources */,
				DEDFF2B31ACDF8450091A7B5 /* IRNetworkManager.m in Sources */,
				DEC469A71ACC78FA002F7594 /* AppDelegate.m in Sources */,
				DEE7AF381ACF096B00C00C84 /* DataManager.m in Sources */,
				DEC469A41ACC78FA002F7594 /* main.m in Sources */,
				DEE7AF461AD0619D00C00C84 /* UserStatisticsViewController.m in Sources */,
				DEDFF2BA1ACE10720091A7B5 /* Util.m in Sources */,
				DEE7AF3B1ACF3ADD00C00C84 /* UserPreferencesViewController.m in Sources */,
			);
			runOnlyForDeploymentPostprocessing = 0;
		};
		DEC469B31ACC78FA002F7594 /* Sources */ = {
			isa = PBXSourcesBuildPhase;
			buildActionMask = 2147483647;
			files = (
				DEC469BE1ACC78FA002F7594 /* InstaRep_ClientTests.m in Sources */,
			);
			runOnlyForDeploymentPostprocessing = 0;
		};
/* End PBXSourcesBuildPhase section */

/* Begin PBXTargetDependency section */
		DEC469B91ACC78FA002F7594 /* PBXTargetDependency */ = {
			isa = PBXTargetDependency;
			target = DEC4699D1ACC78FA002F7594 /* InstaRep-Client */;
			targetProxy = DEC469B81ACC78FA002F7594 /* PBXContainerItemProxy */;
		};
/* End PBXTargetDependency section */

/* Begin PBXVariantGroup section */
		DEC469B01ACC78FA002F7594 /* LaunchScreen.xib */ = {
			isa = PBXVariantGroup;
			children = (
				DEC469B11ACC78FA002F7594 /* Base */,
			);
			name = LaunchScreen.xib;
			sourceTree = "<group>";
		};
		DEE7AF471AD0682400C00C84 /* Main.storyboard */ = {
			isa = PBXVariantGroup;
			children = (
				DEE7AF481AD0682400C00C84 /* Base */,
			);
			name = Main.storyboard;
			sourceTree = "<group>";
		};
/* End PBXVariantGroup section */

/* Begin XCBuildConfiguration section */
		DEC469BF1ACC78FA002F7594 /* Debug */ = {
			isa = XCBuildConfiguration;
			buildSettings = {
				ALWAYS_SEARCH_USER_PATHS = NO;
				CLANG_CXX_LANGUAGE_STANDARD = "gnu++0x";
				CLANG_CXX_LIBRARY = "libc++";
				CLANG_ENABLE_MODULES = YES;
				CLANG_ENABLE_OBJC_ARC = YES;
				CLANG_WARN_BOOL_CONVERSION = YES;
				CLANG_WARN_CONSTANT_CONVERSION = YES;
				CLANG_WARN_DIRECT_OBJC_ISA_USAGE = YES_ERROR;
				CLANG_WARN_EMPTY_BODY = YES;
				CLANG_WARN_ENUM_CONVERSION = YES;
				CLANG_WARN_INT_CONVERSION = YES;
				CLANG_WARN_OBJC_ROOT_CLASS = YES_ERROR;
				CLANG_WARN_UNREACHABLE_CODE = YES;
				CLANG_WARN__DUPLICATE_METHOD_MATCH = YES;
				"CODE_SIGN_IDENTITY[sdk=iphoneos*]" = "iPhone Developer";
				COPY_PHASE_STRIP = NO;
				ENABLE_STRICT_OBJC_MSGSEND = YES;
				GCC_C_LANGUAGE_STANDARD = gnu99;
				GCC_DYNAMIC_NO_PIC = NO;
				GCC_OPTIMIZATION_LEVEL = 0;
				GCC_PREPROCESSOR_DEFINITIONS = (
					"DEBUG=1",
					"$(inherited)",
				);
				GCC_SYMBOLS_PRIVATE_EXTERN = NO;
				GCC_WARN_64_TO_32_BIT_CONVERSION = YES;
				GCC_WARN_ABOUT_RETURN_TYPE = YES_ERROR;
				GCC_WARN_UNDECLARED_SELECTOR = YES;
				GCC_WARN_UNINITIALIZED_AUTOS = YES_AGGRESSIVE;
				GCC_WARN_UNUSED_FUNCTION = YES;
				GCC_WARN_UNUSED_VARIABLE = YES;
				IPHONEOS_DEPLOYMENT_TARGET = 8.2;
				MTL_ENABLE_DEBUG_INFO = YES;
				ONLY_ACTIVE_ARCH = YES;
				SDKROOT = iphoneos;
			};
			name = Debug;
		};
		DEC469C01ACC78FA002F7594 /* Release */ = {
			isa = XCBuildConfiguration;
			buildSettings = {
				ALWAYS_SEARCH_USER_PATHS = NO;
				CLANG_CXX_LANGUAGE_STANDARD = "gnu++0x";
				CLANG_CXX_LIBRARY = "libc++";
				CLANG_ENABLE_MODULES = YES;
				CLANG_ENABLE_OBJC_ARC = YES;
				CLANG_WARN_BOOL_CONVERSION = YES;
				CLANG_WARN_CONSTANT_CONVERSION = YES;
				CLANG_WARN_DIRECT_OBJC_ISA_USAGE = YES_ERROR;
				CLANG_WARN_EMPTY_BODY = YES;
				CLANG_WARN_ENUM_CONVERSION = YES;
				CLANG_WARN_INT_CONVERSION = YES;
				CLANG_WARN_OBJC_ROOT_CLASS = YES_ERROR;
				CLANG_WARN_UNREACHABLE_CODE = YES;
				CLANG_WARN__DUPLICATE_METHOD_MATCH = YES;
				"CODE_SIGN_IDENTITY[sdk=iphoneos*]" = "iPhone Developer";
				COPY_PHASE_STRIP = NO;
				ENABLE_NS_ASSERTIONS = NO;
				ENABLE_STRICT_OBJC_MSGSEND = YES;
				GCC_C_LANGUAGE_STANDARD = gnu99;
				GCC_WARN_64_TO_32_BIT_CONVERSION = YES;
				GCC_WARN_ABOUT_RETURN_TYPE = YES_ERROR;
				GCC_WARN_UNDECLARED_SELECTOR = YES;
				GCC_WARN_UNINITIALIZED_AUTOS = YES_AGGRESSIVE;
				GCC_WARN_UNUSED_FUNCTION = YES;
				GCC_WARN_UNUSED_VARIABLE = YES;
				IPHONEOS_DEPLOYMENT_TARGET = 8.2;
				MTL_ENABLE_DEBUG_INFO = NO;
				SDKROOT = iphoneos;
				VALIDATE_PRODUCT = YES;
			};
			name = Release;
		};
		DEC469C21ACC78FA002F7594 /* Debug */ = {
			isa = XCBuildConfiguration;
			baseConfigurationReference = 6E40767F335D5523BBF36630 /* Pods.debug.xcconfig */;
			buildSettings = {
				ASSETCATALOG_COMPILER_APPICON_NAME = AppIcon;
				INFOPLIST_FILE = "InstaRep-Client/Info.plist";
				LD_RUNPATH_SEARCH_PATHS = "$(inherited) @executable_path/Frameworks";
				PRODUCT_NAME = "$(TARGET_NAME)";
			};
			name = Debug;
		};
		DEC469C31ACC78FA002F7594 /* Release */ = {
			isa = XCBuildConfiguration;
			baseConfigurationReference = C4381C4E2269CC0CBC5EF958 /* Pods.release.xcconfig */;
			buildSettings = {
				ASSETCATALOG_COMPILER_APPICON_NAME = AppIcon;
				INFOPLIST_FILE = "InstaRep-Client/Info.plist";
				LD_RUNPATH_SEARCH_PATHS = "$(inherited) @executable_path/Frameworks";
				PRODUCT_NAME = "$(TARGET_NAME)";
			};
			name = Release;
		};
		DEC469C51ACC78FA002F7594 /* Debug */ = {
			isa = XCBuildConfiguration;
			buildSettings = {
				BUNDLE_LOADER = "$(TEST_HOST)";
				FRAMEWORK_SEARCH_PATHS = (
					"$(SDKROOT)/Developer/Library/Frameworks",
					"$(inherited)",
				);
				GCC_PREPROCESSOR_DEFINITIONS = (
					"DEBUG=1",
					"$(inherited)",
				);
				INFOPLIST_FILE = "InstaRep-ClientTests/Info.plist";
				LD_RUNPATH_SEARCH_PATHS = "$(inherited) @executable_path/Frameworks @loader_path/Frameworks";
				PRODUCT_NAME = "$(TARGET_NAME)";
				TEST_HOST = "$(BUILT_PRODUCTS_DIR)/InstaRep-Client.app/InstaRep-Client";
			};
			name = Debug;
		};
		DEC469C61ACC78FA002F7594 /* Release */ = {
			isa = XCBuildConfiguration;
			buildSettings = {
				BUNDLE_LOADER = "$(TEST_HOST)";
				FRAMEWORK_SEARCH_PATHS = (
					"$(SDKROOT)/Developer/Library/Frameworks",
					"$(inherited)",
				);
				INFOPLIST_FILE = "InstaRep-ClientTests/Info.plist";
				LD_RUNPATH_SEARCH_PATHS = "$(inherited) @executable_path/Frameworks @loader_path/Frameworks";
				PRODUCT_NAME = "$(TARGET_NAME)";
				TEST_HOST = "$(BUILT_PRODUCTS_DIR)/InstaRep-Client.app/InstaRep-Client";
			};
			name = Release;
		};
/* End XCBuildConfiguration section */

/* Begin XCConfigurationList section */
		DEC469991ACC78FA002F7594 /* Build configuration list for PBXProject "InstaRep-Client" */ = {
			isa = XCConfigurationList;
			buildConfigurations = (
				DEC469BF1ACC78FA002F7594 /* Debug */,
				DEC469C01ACC78FA002F7594 /* Release */,
			);
			defaultConfigurationIsVisible = 0;
			defaultConfigurationName = Release;
		};
		DEC469C11ACC78FA002F7594 /* Build configuration list for PBXNativeTarget "InstaRep-Client" */ = {
			isa = XCConfigurationList;
			buildConfigurations = (
				DEC469C21ACC78FA002F7594 /* Debug */,
				DEC469C31ACC78FA002F7594 /* Release */,
			);
			defaultConfigurationIsVisible = 0;
			defaultConfigurationName = Release;
		};
		DEC469C41ACC78FA002F7594 /* Build configuration list for PBXNativeTarget "InstaRep-ClientTests" */ = {
			isa = XCConfigurationList;
			buildConfigurations = (
				DEC469C51ACC78FA002F7594 /* Debug */,
				DEC469C61ACC78FA002F7594 /* Release */,
			);
			defaultConfigurationIsVisible = 0;
			defaultConfigurationName = Release;
		};
/* End XCConfigurationList section */
	};
	rootObject = DEC469961ACC78FA002F7594 /* Project object */;
}
